{
  "pins" : [
    {
      "identity" : "fluidgradient",
      "kind" : "remoteSourceControl",
      "location" : "https://github.com/Cindori/FluidGradient",
      "state" : {
        "branch" : "main",
        "revision" : "e1126d55c0f9d36f8d3751b46fac8e556ab70136"
      }
    }
  ],
  "version" : 2
}
